
Microsoft Visual Studio Solution File, Format Version 12.00
# Visual Studio 15
VisualStudioVersion = 15.0.26430.12
MinimumVisualStudioVersion = 10.0.40219.1
Project("{FAE04EC0-301F-11D3-BF4B-00C04F79EFBC}") = "Sloth.Core", "Sloth.Core\Sloth.Core.csproj", "{B2E2E365-565E-4A58-AFF2-EA468C89DE6B}"
EndProject
Project("{FAE04EC0-301F-11D3-BF4B-00C04F79EFBC}") = "Sloth.Api", "Sloth.Api\Sloth.Api.csproj", "{DD650A1F-65A5-4213-A2FA-A8C793A99FED}"
EndProject
Project("{00D1A9C2-B5F0-4AF3-8072-F6C62B433612}") = "Sloth.Sql", "Sloth.Sql\Sloth.Sql.sqlproj", "{47A0677C-322E-404E-9F33-8F0B9D57669E}"
EndProject
Project("{FAE04EC0-301F-11D3-BF4B-00C04F79EFBC}") = "Sloth.Xml", "Sloth.Xml\Sloth.Xml.csproj", "{14D605C4-A265-462A-B51C-49A18494E0C7}"
EndProject
Project("{2150E333-8FDC-42A3-9474-1A3956D46DE8}") = "Root", "Root", "{8A3F61DD-FDBF-49E7-A939-F112DCE88B70}"
	ProjectSection(SolutionItems) = preProject
		.editorconfig = .editorconfig
	EndProjectSection
EndProject
Project("{FAE04EC0-301F-11D3-BF4B-00C04F79EFBC}") = "Sloth.Test", "Sloth.Test\Sloth.Test.csproj", "{F453C2E7-D80C-49E8-9416-1F930C3C0AAC}"
EndProject
Global
	GlobalSection(SolutionConfigurationPlatforms) = preSolution
		Debug|Any CPU = Debug|Any CPU
		Release|Any CPU = Release|Any CPU
	EndGlobalSection
	GlobalSection(ProjectConfigurationPlatforms) = postSolution
		{B2E2E365-565E-4A58-AFF2-EA468C89DE6B}.Debug|Any CPU.ActiveCfg = Debug|Any CPU
		{B2E2E365-565E-4A58-AFF2-EA468C89DE6B}.Debug|Any CPU.Build.0 = Debug|Any CPU
		{B2E2E365-565E-4A58-AFF2-EA468C89DE6B}.Release|Any CPU.ActiveCfg = Release|Any CPU
		{B2E2E365-565E-4A58-AFF2-EA468C89DE6B}.Release|Any CPU.Build.0 = Release|Any CPU
		{DD650A1F-65A5-4213-A2FA-A8C793A99FED}.Debug|Any CPU.ActiveCfg = Debug|Any CPU
		{DD650A1F-65A5-4213-A2FA-A8C793A99FED}.Debug|Any CPU.Build.0 = Debug|Any CPU
		{DD650A1F-65A5-4213-A2FA-A8C793A99FED}.Release|Any CPU.ActiveCfg = Release|Any CPU
		{DD650A1F-65A5-4213-A2FA-A8C793A99FED}.Release|Any CPU.Build.0 = Release|Any CPU
		{47A0677C-322E-404E-9F33-8F0B9D57669E}.Debug|Any CPU.ActiveCfg = Debug|Any CPU
		{47A0677C-322E-404E-9F33-8F0B9D57669E}.Debug|Any CPU.Build.0 = Debug|Any CPU
		{47A0677C-322E-404E-9F33-8F0B9D57669E}.Debug|Any CPU.Deploy.0 = Debug|Any CPU
		{47A0677C-322E-404E-9F33-8F0B9D57669E}.Release|Any CPU.ActiveCfg = Release|Any CPU
		{47A0677C-322E-404E-9F33-8F0B9D57669E}.Release|Any CPU.Build.0 = Release|Any CPU
		{47A0677C-322E-404E-9F33-8F0B9D57669E}.Release|Any CPU.Deploy.0 = Release|Any CPU
		{14D605C4-A265-462A-B51C-49A18494E0C7}.Debug|Any CPU.ActiveCfg = Debug|Any CPU
		{14D605C4-A265-462A-B51C-49A18494E0C7}.Debug|Any CPU.Build.0 = Debug|Any CPU
		{14D605C4-A265-462A-B51C-49A18494E0C7}.Release|Any CPU.ActiveCfg = Release|Any CPU
		{14D605C4-A265-462A-B51C-49A18494E0C7}.Release|Any CPU.Build.0 = Release|Any CPU
		{F453C2E7-D80C-49E8-9416-1F930C3C0AAC}.Debug|Any CPU.ActiveCfg = Debug|Any CPU
		{F453C2E7-D80C-49E8-9416-1F930C3C0AAC}.Debug|Any CPU.Build.0 = Debug|Any CPU
		{F453C2E7-D80C-49E8-9416-1F930C3C0AAC}.Release|Any CPU.ActiveCfg = Release|Any CPU
		{F453C2E7-D80C-49E8-9416-1F930C3C0AAC}.Release|Any CPU.Build.0 = Release|Any CPU
	EndGlobalSection
	GlobalSection(SolutionProperties) = preSolution
		HideSolutionNode = FALSE
	EndGlobalSection
EndGlobal
